
Microsoft Visual Studio Solution File, Format Version 12.00
# Visual Studio Version 16
VisualStudioVersion = 16.0.30225.117
MinimumVisualStudioVersion = 10.0.40219.1
Project("{FAE04EC0-301F-11D3-BF4B-00C04F79EFBC}") = "LabOP5", "LabOP5\LabOP5.csproj", "{F2741578-2F00-4927-8FAE-D72596A1CC83}"
EndProject
Global
	GlobalSection(SolutionConfigurationPlatforms) = preSolution
		Debug|Any CPU = Debug|Any CPU
		Release|Any CPU = Release|Any CPU
	EndGlobalSection
	GlobalSection(ProjectConfigurationPlatforms) = postSolution
		{F2741578-2F00-4927-8FAE-D72596A1CC83}.Debug|Any CPU.ActiveCfg = Debug|Any CPU
		{F2741578-2F00-4927-8FAE-D72596A1CC83}.Debug|Any CPU.Build.0 = Debug|Any CPU
		{F2741578-2F00-4927-8FAE-D72596A1CC83}.Release|Any CPU.ActiveCfg = Release|Any CPU
		{F2741578-2F00-4927-8FAE-D72596A1CC83}.Release|Any CPU.Build.0 = Release|Any CPU
	EndGlobalSection
	GlobalSection(SolutionProperties) = preSolution
		HideSolutionNode = FALSE
	EndGlobalSection
	GlobalSection(ExtensibilityGlobals) = postSolution
		SolutionGuid = {2E66C276-0160-46D0-825B-656402A7B87F}
	EndGlobalSection
EndGlobal
